// !$*UTF8*$!
{
	archiveVersion = 1;
	classes = {
	};
	objectVersion = 50;
	objects = {

/* Begin PBXBuildFile section */
		03403EED251A4340009E6446 /* UIHostingView.swift in Sources */ = {isa = PBXBuildFile; fileRef = 03403EEC251A4340009E6446 /* UIHostingView.swift */; };
		03A9A6D8251244E20040DA7C /* AppDelegate.swift in Sources */ = {isa = PBXBuildFile; fileRef = 03A9A6D7251244E20040DA7C /* AppDelegate.swift */; };
		03A9A6DA251244E20040DA7C /* SceneDelegate.swift in Sources */ = {isa = PBXBuildFile; fileRef = 03A9A6D9251244E20040DA7C /* SceneDelegate.swift */; };
		03A9A6E1251244E30040DA7C /* Assets.xcassets in Resources */ = {isa = PBXBuildFile; fileRef = 03A9A6E0251244E30040DA7C /* Assets.xcassets */; };
		03A9A6E4251244E30040DA7C /* LaunchScreen.storyboard in Resources */ = {isa = PBXBuildFile; fileRef = 03A9A6E2251244E30040DA7C /* LaunchScreen.storyboard */; };
		03A9A6EF251244E30040DA7C /* SquirrelStorageTests.swift in Sources */ = {isa = PBXBuildFile; fileRef = 03A9A6EE251244E30040DA7C /* SquirrelStorageTests.swift */; };
		03A9A6FF2512467B0040DA7C /* Product.swift in Sources */ = {isa = PBXBuildFile; fileRef = 03A9A6FE2512467B0040DA7C /* Product.swift */; };
		03A9A704251253B40040DA7C /* EstoqueViewController.swift in Sources */ = {isa = PBXBuildFile; fileRef = 03A9A703251253B40040DA7C /* EstoqueViewController.swift */; };
		03CF473225220A8600CB63B1 /* ProductDetailViewControllerTests.swift in Sources */ = {isa = PBXBuildFile; fileRef = 03CF473125220A8600CB63B1 /* ProductDetailViewControllerTests.swift */; };
		03E9F6DE251B7F670052F104 /* StarAnimationView.swift in Sources */ = {isa = PBXBuildFile; fileRef = 03E9F6DD251B7F670052F104 /* StarAnimationView.swift */; };
		4B6FEC63251E196700F10A82 /* Colors.swift in Sources */ = {isa = PBXBuildFile; fileRef = 4B6FEC61251E196700F10A82 /* Colors.swift */; };
		4B6FEC64251E196700F10A82 /* UIViewSnapshot.swift in Sources */ = {isa = PBXBuildFile; fileRef = 4B6FEC62251E196700F10A82 /* UIViewSnapshot.swift */; };
		5740F2D525138B13001137EC /* ProductDetailViewController.swift in Sources */ = {isa = PBXBuildFile; fileRef = 5740F2D425138B13001137EC /* ProductDetailViewController.swift */; };
		577FAA50251A3CA4005FA501 /* ProductDetailViewDelegate.swift in Sources */ = {isa = PBXBuildFile; fileRef = 577FAA4F251A3CA4005FA501 /* ProductDetailViewDelegate.swift */; };
		577FAA6E251B77B6005FA501 /* CustomSectionView.swift in Sources */ = {isa = PBXBuildFile; fileRef = 577FAA69251B77B6005FA501 /* CustomSectionView.swift */; };
		577FAA6F251B77B6005FA501 /* CardEstoqueCollectionViewCell.swift in Sources */ = {isa = PBXBuildFile; fileRef = 577FAA6A251B77B6005FA501 /* CardEstoqueCollectionViewCell.swift */; };
		577FAA72251B77B6005FA501 /* ProdutoCollectionViewCell.swift in Sources */ = {isa = PBXBuildFile; fileRef = 577FAA6D251B77B6005FA501 /* ProdutoCollectionViewCell.swift */; };
		577FAA76251B7836005FA501 /* FiltroViewController.swift in Sources */ = {isa = PBXBuildFile; fileRef = 577FAA75251B7836005FA501 /* FiltroViewController.swift */; };
		577FAA7A251B78A0005FA501 /* ProductDetailView.swift in Sources */ = {isa = PBXBuildFile; fileRef = 577FAA79251B78A0005FA501 /* ProductDetailView.swift */; };
		577FAA92251B9A89005FA501 /* Database.swift in Sources */ = {isa = PBXBuildFile; fileRef = 577FAA91251B9A89005FA501 /* Database.swift */; };
		FF9898D6251D501600A65B14 /* NameTableViewCell.swift in Sources */ = {isa = PBXBuildFile; fileRef = FF9898D5251D501600A65B14 /* NameTableViewCell.swift */; };
		FFCE2D0C251D2B3300D9826B /* AddProductViewController.swift in Sources */ = {isa = PBXBuildFile; fileRef = FFCE2D0B251D2B3300D9826B /* AddProductViewController.swift */; };
		FFCE2D10251D2D4B00D9826B /* ImageTableViewCell.swift in Sources */ = {isa = PBXBuildFile; fileRef = FFCE2D0F251D2D4B00D9826B /* ImageTableViewCell.swift */; };
/* End PBXBuildFile section */

/* Begin PBXContainerItemProxy section */
		03A9A6EB251244E30040DA7C /* PBXContainerItemProxy */ = {
			isa = PBXContainerItemProxy;
			containerPortal = 03A9A6CC251244E20040DA7C /* Project object */;
			proxyType = 1;
			remoteGlobalIDString = 03A9A6D3251244E20040DA7C;
			remoteInfo = SquirrelStorage;
		};
/* End PBXContainerItemProxy section */

/* Begin PBXFileReference section */
		03403EEC251A4340009E6446 /* UIHostingView.swift */ = {isa = PBXFileReference; lastKnownFileType = sourcecode.swift; path = UIHostingView.swift; sourceTree = "<group>"; };
		03A9A6D4251244E20040DA7C /* SquirrelStorage.app */ = {isa = PBXFileReference; explicitFileType = wrapper.application; includeInIndex = 0; path = SquirrelStorage.app; sourceTree = BUILT_PRODUCTS_DIR; };
		03A9A6D7251244E20040DA7C /* AppDelegate.swift */ = {isa = PBXFileReference; lastKnownFileType = sourcecode.swift; path = AppDelegate.swift; sourceTree = "<group>"; };
		03A9A6D9251244E20040DA7C /* SceneDelegate.swift */ = {isa = PBXFileReference; lastKnownFileType = sourcecode.swift; path = SceneDelegate.swift; sourceTree = "<group>"; };
		03A9A6E0251244E30040DA7C /* Assets.xcassets */ = {isa = PBXFileReference; lastKnownFileType = folder.assetcatalog; path = Assets.xcassets; sourceTree = "<group>"; };
		03A9A6E3251244E30040DA7C /* Base */ = {isa = PBXFileReference; lastKnownFileType = file.storyboard; name = Base; path = Base.lproj/LaunchScreen.storyboard; sourceTree = "<group>"; };
		03A9A6E5251244E30040DA7C /* Info.plist */ = {isa = PBXFileReference; lastKnownFileType = text.plist.xml; path = Info.plist; sourceTree = "<group>"; };
		03A9A6EA251244E30040DA7C /* SquirrelStorageTests.xctest */ = {isa = PBXFileReference; explicitFileType = wrapper.cfbundle; includeInIndex = 0; path = SquirrelStorageTests.xctest; sourceTree = BUILT_PRODUCTS_DIR; };
		03A9A6EE251244E30040DA7C /* SquirrelStorageTests.swift */ = {isa = PBXFileReference; lastKnownFileType = sourcecode.swift; path = SquirrelStorageTests.swift; sourceTree = "<group>"; };
		03A9A6F0251244E30040DA7C /* Info.plist */ = {isa = PBXFileReference; lastKnownFileType = text.plist.xml; path = Info.plist; sourceTree = "<group>"; };
		03A9A6FE2512467B0040DA7C /* Product.swift */ = {isa = PBXFileReference; lastKnownFileType = sourcecode.swift; path = Product.swift; sourceTree = "<group>"; };
		03A9A703251253B40040DA7C /* EstoqueViewController.swift */ = {isa = PBXFileReference; lastKnownFileType = sourcecode.swift; path = EstoqueViewController.swift; sourceTree = "<group>"; };
		03CF473125220A8600CB63B1 /* ProductDetailViewControllerTests.swift */ = {isa = PBXFileReference; lastKnownFileType = sourcecode.swift; path = ProductDetailViewControllerTests.swift; sourceTree = "<group>"; };
		03E9F6DD251B7F670052F104 /* StarAnimationView.swift */ = {isa = PBXFileReference; fileEncoding = 4; lastKnownFileType = sourcecode.swift; path = StarAnimationView.swift; sourceTree = "<group>"; };
		4B6FEC61251E196700F10A82 /* Colors.swift */ = {isa = PBXFileReference; fileEncoding = 4; lastKnownFileType = sourcecode.swift; path = Colors.swift; sourceTree = "<group>"; };
		4B6FEC62251E196700F10A82 /* UIViewSnapshot.swift */ = {isa = PBXFileReference; fileEncoding = 4; lastKnownFileType = sourcecode.swift; path = UIViewSnapshot.swift; sourceTree = "<group>"; };
		5740F2D425138B13001137EC /* ProductDetailViewController.swift */ = {isa = PBXFileReference; lastKnownFileType = sourcecode.swift; path = ProductDetailViewController.swift; sourceTree = "<group>"; };
		577FAA4F251A3CA4005FA501 /* ProductDetailViewDelegate.swift */ = {isa = PBXFileReference; lastKnownFileType = sourcecode.swift; path = ProductDetailViewDelegate.swift; sourceTree = "<group>"; };
		577FAA69251B77B6005FA501 /* CustomSectionView.swift */ = {isa = PBXFileReference; fileEncoding = 4; lastKnownFileType = sourcecode.swift; path = CustomSectionView.swift; sourceTree = "<group>"; };
		577FAA6A251B77B6005FA501 /* CardEstoqueCollectionViewCell.swift */ = {isa = PBXFileReference; fileEncoding = 4; lastKnownFileType = sourcecode.swift; path = CardEstoqueCollectionViewCell.swift; sourceTree = "<group>"; };
		577FAA6D251B77B6005FA501 /* ProdutoCollectionViewCell.swift */ = {isa = PBXFileReference; fileEncoding = 4; lastKnownFileType = sourcecode.swift; path = ProdutoCollectionViewCell.swift; sourceTree = "<group>"; };
		577FAA75251B7836005FA501 /* FiltroViewController.swift */ = {isa = PBXFileReference; fileEncoding = 4; lastKnownFileType = sourcecode.swift; path = FiltroViewController.swift; sourceTree = "<group>"; };
		577FAA79251B78A0005FA501 /* ProductDetailView.swift */ = {isa = PBXFileReference; fileEncoding = 4; lastKnownFileType = sourcecode.swift; path = ProductDetailView.swift; sourceTree = "<group>"; };
		577FAA91251B9A89005FA501 /* Database.swift */ = {isa = PBXFileReference; lastKnownFileType = sourcecode.swift; path = Database.swift; sourceTree = "<group>"; };
		FF9898D5251D501600A65B14 /* NameTableViewCell.swift */ = {isa = PBXFileReference; lastKnownFileType = sourcecode.swift; path = NameTableViewCell.swift; sourceTree = "<group>"; };
		FFCE2D0B251D2B3300D9826B /* AddProductViewController.swift */ = {isa = PBXFileReference; lastKnownFileType = sourcecode.swift; path = AddProductViewController.swift; sourceTree = "<group>"; };
		FFCE2D0F251D2D4B00D9826B /* ImageTableViewCell.swift */ = {isa = PBXFileReference; lastKnownFileType = sourcecode.swift; path = ImageTableViewCell.swift; sourceTree = "<group>"; };
/* End PBXFileReference section */

/* Begin PBXFrameworksBuildPhase section */
		03A9A6D1251244E20040DA7C /* Frameworks */ = {
			isa = PBXFrameworksBuildPhase;
			buildActionMask = 2147483647;
			files = (
			);
			runOnlyForDeploymentPostprocessing = 0;
		};
		03A9A6E7251244E30040DA7C /* Frameworks */ = {
			isa = PBXFrameworksBuildPhase;
			buildActionMask = 2147483647;
			files = (
			);
			runOnlyForDeploymentPostprocessing = 0;
		};
/* End PBXFrameworksBuildPhase section */

/* Begin PBXGroup section */
		03403EEB251A4327009E6446 /* Helper */ = {
			isa = PBXGroup;
			children = (
				03403EEC251A4340009E6446 /* UIHostingView.swift */,
			);
			path = Helper;
			sourceTree = "<group>";
		};
		03A9A6CB251244E20040DA7C = {
			isa = PBXGroup;
			children = (
				03A9A6D6251244E20040DA7C /* SquirrelStorage */,
				03A9A6ED251244E30040DA7C /* SquirrelStorageTests */,
				03A9A6D5251244E20040DA7C /* Products */,
			);
			sourceTree = "<group>";
		};
		03A9A6D5251244E20040DA7C /* Products */ = {
			isa = PBXGroup;
			children = (
				03A9A6D4251244E20040DA7C /* SquirrelStorage.app */,
				03A9A6EA251244E30040DA7C /* SquirrelStorageTests.xctest */,
			);
			name = Products;
			sourceTree = "<group>";
		};
		03A9A6D6251244E20040DA7C /* SquirrelStorage */ = {
			isa = PBXGroup;
			children = (
				03403EEB251A4327009E6446 /* Helper */,
				03A9A6FD251246160040DA7C /* Extension */,
				57CF09432518F04700512B5C /* Protocol */,
				577FAA90251B9A75005FA501 /* Service */,
				03A9A6FB251246070040DA7C /* Controller */,
				03A9A6F9251245FA0040DA7C /* Model */,
				57CF09442518F05A00512B5C /* View */,
				03A9A6D7251244E20040DA7C /* AppDelegate.swift */,
				03A9A6D9251244E20040DA7C /* SceneDelegate.swift */,
				03A9A6E0251244E30040DA7C /* Assets.xcassets */,
				03A9A6E2251244E30040DA7C /* LaunchScreen.storyboard */,
				03A9A6E5251244E30040DA7C /* Info.plist */,
			);
			path = SquirrelStorage;
			sourceTree = "<group>";
		};
		03A9A6ED251244E30040DA7C /* SquirrelStorageTests */ = {
			isa = PBXGroup;
			children = (
				03A9A6EE251244E30040DA7C /* SquirrelStorageTests.swift */,
				03CF473125220A8600CB63B1 /* ProductDetailViewControllerTests.swift */,
				03A9A6F0251244E30040DA7C /* Info.plist */,
			);
			path = SquirrelStorageTests;
			sourceTree = "<group>";
		};
		03A9A6F9251245FA0040DA7C /* Model */ = {
			isa = PBXGroup;
			children = (
				03A9A6FE2512467B0040DA7C /* Product.swift */,
			);
			path = Model;
			sourceTree = "<group>";
		};
		03A9A6FB251246070040DA7C /* Controller */ = {
			isa = PBXGroup;
			children = (
				577FAA75251B7836005FA501 /* FiltroViewController.swift */,
				03A9A703251253B40040DA7C /* EstoqueViewController.swift */,
				5740F2D425138B13001137EC /* ProductDetailViewController.swift */,
				FFCE2D0B251D2B3300D9826B /* AddProductViewController.swift */,
			);
			path = Controller;
			sourceTree = "<group>";
		};
		03A9A6FD251246160040DA7C /* Extension */ = {
			isa = PBXGroup;
			children = (
				4B6FEC61251E196700F10A82 /* Colors.swift */,
				4B6FEC62251E196700F10A82 /* UIViewSnapshot.swift */,
			);
			path = Extension;
			sourceTree = "<group>";
		};
		577FAA90251B9A75005FA501 /* Service */ = {
			isa = PBXGroup;
			children = (
				577FAA91251B9A89005FA501 /* Database.swift */,
			);
			path = Service;
			sourceTree = "<group>";
		};
		57CF09432518F04700512B5C /* Protocol */ = {
			isa = PBXGroup;
			children = (
				577FAA4F251A3CA4005FA501 /* ProductDetailViewDelegate.swift */,
			);
			path = Protocol;
			sourceTree = "<group>";
		};
		57CF09442518F05A00512B5C /* View */ = {
			isa = PBXGroup;
			children = (
				03E9F6DD251B7F670052F104 /* StarAnimationView.swift */,
				577FAA79251B78A0005FA501 /* ProductDetailView.swift */,
				577FAA6A251B77B6005FA501 /* CardEstoqueCollectionViewCell.swift */,
				577FAA69251B77B6005FA501 /* CustomSectionView.swift */,
				577FAA6D251B77B6005FA501 /* ProdutoCollectionViewCell.swift */,
				FF9898D9251D501A00A65B14 /* AddProductTableViewCell */,
			);
			path = View;
			sourceTree = "<group>";
		};
		FF9898D9251D501A00A65B14 /* AddProductTableViewCell */ = {
			isa = PBXGroup;
			children = (
				FFCE2D0F251D2D4B00D9826B /* ImageTableViewCell.swift */,
				FF9898D5251D501600A65B14 /* NameTableViewCell.swift */,
			);
			path = AddProductTableViewCell;
			sourceTree = "<group>";
		};
/* End PBXGroup section */

/* Begin PBXNativeTarget section */
		03A9A6D3251244E20040DA7C /* SquirrelStorage */ = {
			isa = PBXNativeTarget;
			buildConfigurationList = 03A9A6F3251244E30040DA7C /* Build configuration list for PBXNativeTarget "SquirrelStorage" */;
			buildPhases = (
				03A9A6D0251244E20040DA7C /* Sources */,
				03A9A6D1251244E20040DA7C /* Frameworks */,
				03A9A6D2251244E20040DA7C /* Resources */,
				03A9A70025124CCE0040DA7C /* ShellScript */,
			);
			buildRules = (
			);
			dependencies = (
			);
			name = SquirrelStorage;
			productName = SquirrelStorage;
			productReference = 03A9A6D4251244E20040DA7C /* SquirrelStorage.app */;
			productType = "com.apple.product-type.application";
		};
		03A9A6E9251244E30040DA7C /* SquirrelStorageTests */ = {
			isa = PBXNativeTarget;
			buildConfigurationList = 03A9A6F6251244E30040DA7C /* Build configuration list for PBXNativeTarget "SquirrelStorageTests" */;
			buildPhases = (
				03A9A6E6251244E30040DA7C /* Sources */,
				03A9A6E7251244E30040DA7C /* Frameworks */,
				03A9A6E8251244E30040DA7C /* Resources */,
			);
			buildRules = (
			);
			dependencies = (
				03A9A6EC251244E30040DA7C /* PBXTargetDependency */,
			);
			name = SquirrelStorageTests;
			productName = SquirrelStorageTests;
			productReference = 03A9A6EA251244E30040DA7C /* SquirrelStorageTests.xctest */;
			productType = "com.apple.product-type.bundle.unit-test";
		};
/* End PBXNativeTarget section */

/* Begin PBXProject section */
		03A9A6CC251244E20040DA7C /* Project object */ = {
			isa = PBXProject;
			attributes = {
				LastSwiftUpdateCheck = 1170;
				LastUpgradeCheck = 1200;
				ORGANIZATIONNAME = "Lucas Oliveira";
				TargetAttributes = {
					03A9A6D3251244E20040DA7C = {
						CreatedOnToolsVersion = 11.7;
					};
					03A9A6E9251244E30040DA7C = {
						CreatedOnToolsVersion = 11.7;
						TestTargetID = 03A9A6D3251244E20040DA7C;
					};
				};
			};
			buildConfigurationList = 03A9A6CF251244E20040DA7C /* Build configuration list for PBXProject "SquirrelStorage" */;
			compatibilityVersion = "Xcode 9.3";
			developmentRegion = en;
			hasScannedForEncodings = 0;
			knownRegions = (
				en,
				Base,
			);
			mainGroup = 03A9A6CB251244E20040DA7C;
			productRefGroup = 03A9A6D5251244E20040DA7C /* Products */;
			projectDirPath = "";
			projectRoot = "";
			targets = (
				03A9A6D3251244E20040DA7C /* SquirrelStorage */,
				03A9A6E9251244E30040DA7C /* SquirrelStorageTests */,
			);
		};
/* End PBXProject section */

/* Begin PBXResourcesBuildPhase section */
		03A9A6D2251244E20040DA7C /* Resources */ = {
			isa = PBXResourcesBuildPhase;
			buildActionMask = 2147483647;
			files = (
				03A9A6E4251244E30040DA7C /* LaunchScreen.storyboard in Resources */,
				03A9A6E1251244E30040DA7C /* Assets.xcassets in Resources */,
			);
			runOnlyForDeploymentPostprocessing = 0;
		};
		03A9A6E8251244E30040DA7C /* Resources */ = {
			isa = PBXResourcesBuildPhase;
			buildActionMask = 2147483647;
			files = (
			);
			runOnlyForDeploymentPostprocessing = 0;
		};
/* End PBXResourcesBuildPhase section */

/* Begin PBXShellScriptBuildPhase section */
		03A9A70025124CCE0040DA7C /* ShellScript */ = {
			isa = PBXShellScriptBuildPhase;
			buildActionMask = 2147483647;
			files = (
			);
			inputFileListPaths = (
			);
			inputPaths = (
			);
			outputFileListPaths = (
			);
			outputPaths = (
			);
			runOnlyForDeploymentPostprocessing = 0;
			shellPath = /bin/sh;
			shellScript = "# Type a script or drag a script file from your workspace to insert its path.\nif which swiftlint >/dev/null; then\n  swiftlint\nelse\n  echo \"warning: SwiftLint not installed, download from https://github.com/realm/SwiftLint\"\nfi\n";
		};
/* End PBXShellScriptBuildPhase section */

/* Begin PBXSourcesBuildPhase section */
		03A9A6D0251244E20040DA7C /* Sources */ = {
			isa = PBXSourcesBuildPhase;
			buildActionMask = 2147483647;
			files = (
				03A9A704251253B40040DA7C /* EstoqueViewController.swift in Sources */,
				4B6FEC63251E196700F10A82 /* Colors.swift in Sources */,
				577FAA7A251B78A0005FA501 /* ProductDetailView.swift in Sources */,
				FFCE2D10251D2D4B00D9826B /* ImageTableViewCell.swift in Sources */,
				FFCE2D0C251D2B3300D9826B /* AddProductViewController.swift in Sources */,
				577FAA6E251B77B6005FA501 /* CustomSectionView.swift in Sources */,
				FF9898D6251D501600A65B14 /* NameTableViewCell.swift in Sources */,
				03A9A6FF2512467B0040DA7C /* Product.swift in Sources */,
				577FAA72251B77B6005FA501 /* ProdutoCollectionViewCell.swift in Sources */,
				03E9F6DE251B7F670052F104 /* StarAnimationView.swift in Sources */,
				577FAA6F251B77B6005FA501 /* CardEstoqueCollectionViewCell.swift in Sources */,
				4B6FEC64251E196700F10A82 /* UIViewSnapshot.swift in Sources */,
				577FAA50251A3CA4005FA501 /* ProductDetailViewDelegate.swift in Sources */,
				577FAA76251B7836005FA501 /* FiltroViewController.swift in Sources */,
				5740F2D525138B13001137EC /* ProductDetailViewController.swift in Sources */,
				577FAA92251B9A89005FA501 /* Database.swift in Sources */,
				03A9A6D8251244E20040DA7C /* AppDelegate.swift in Sources */,
				03403EED251A4340009E6446 /* UIHostingView.swift in Sources */,
				03A9A6DA251244E20040DA7C /* SceneDelegate.swift in Sources */,
			);
			runOnlyForDeploymentPostprocessing = 0;
		};
		03A9A6E6251244E30040DA7C /* Sources */ = {
			isa = PBXSourcesBuildPhase;
			buildActionMask = 2147483647;
			files = (
				03A9A6EF251244E30040DA7C /* SquirrelStorageTests.swift in Sources */,
				03CF473225220A8600CB63B1 /* ProductDetailViewControllerTests.swift in Sources */,
			);
			runOnlyForDeploymentPostprocessing = 0;
		};
/* End PBXSourcesBuildPhase section */

/* Begin PBXTargetDependency section */
		03A9A6EC251244E30040DA7C /* PBXTargetDependency */ = {
			isa = PBXTargetDependency;
			target = 03A9A6D3251244E20040DA7C /* SquirrelStorage */;
			targetProxy = 03A9A6EB251244E30040DA7C /* PBXContainerItemProxy */;
		};
/* End PBXTargetDependency section */

/* Begin PBXVariantGroup section */
		03A9A6E2251244E30040DA7C /* LaunchScreen.storyboard */ = {
			isa = PBXVariantGroup;
			children = (
				03A9A6E3251244E30040DA7C /* Base */,
			);
			name = LaunchScreen.storyboard;
			sourceTree = "<group>";
		};
/* End PBXVariantGroup section */

/* Begin XCBuildConfiguration section */
		03A9A6F1251244E30040DA7C /* Debug */ = {
			isa = XCBuildConfiguration;
			buildSettings = {
				ALWAYS_SEARCH_USER_PATHS = NO;
				CLANG_ANALYZER_NONNULL = YES;
				CLANG_ANALYZER_NUMBER_OBJECT_CONVERSION = YES_AGGRESSIVE;
				CLANG_CXX_LANGUAGE_STANDARD = "gnu++14";
				CLANG_CXX_LIBRARY = "libc++";
				CLANG_ENABLE_MODULES = YES;
				CLANG_ENABLE_OBJC_ARC = YES;
				CLANG_ENABLE_OBJC_WEAK = YES;
				CLANG_WARN_BLOCK_CAPTURE_AUTORELEASING = YES;
				CLANG_WARN_BOOL_CONVERSION = YES;
				CLANG_WARN_COMMA = YES;
				CLANG_WARN_CONSTANT_CONVERSION = YES;
				CLANG_WARN_DEPRECATED_OBJC_IMPLEMENTATIONS = YES;
				CLANG_WARN_DIRECT_OBJC_ISA_USAGE = YES_ERROR;
				CLANG_WARN_DOCUMENTATION_COMMENTS = YES;
				CLANG_WARN_EMPTY_BODY = YES;
				CLANG_WARN_ENUM_CONVERSION = YES;
				CLANG_WARN_INFINITE_RECURSION = YES;
				CLANG_WARN_INT_CONVERSION = YES;
				CLANG_WARN_NON_LITERAL_NULL_CONVERSION = YES;
				CLANG_WARN_OBJC_IMPLICIT_RETAIN_SELF = YES;
				CLANG_WARN_OBJC_LITERAL_CONVERSION = YES;
				CLANG_WARN_OBJC_ROOT_CLASS = YES_ERROR;
				CLANG_WARN_QUOTED_INCLUDE_IN_FRAMEWORK_HEADER = YES;
				CLANG_WARN_RANGE_LOOP_ANALYSIS = YES;
				CLANG_WARN_STRICT_PROTOTYPES = YES;
				CLANG_WARN_SUSPICIOUS_MOVE = YES;
				CLANG_WARN_UNGUARDED_AVAILABILITY = YES_AGGRESSIVE;
				CLANG_WARN_UNREACHABLE_CODE = YES;
				CLANG_WARN__DUPLICATE_METHOD_MATCH = YES;
				COPY_PHASE_STRIP = NO;
				DEBUG_INFORMATION_FORMAT = dwarf;
				ENABLE_STRICT_OBJC_MSGSEND = YES;
				ENABLE_TESTABILITY = YES;
				GCC_C_LANGUAGE_STANDARD = gnu11;
				GCC_DYNAMIC_NO_PIC = NO;
				GCC_NO_COMMON_BLOCKS = YES;
				GCC_OPTIMIZATION_LEVEL = 0;
				GCC_PREPROCESSOR_DEFINITIONS = (
					"DEBUG=1",
					"$(inherited)",
				);
				GCC_WARN_64_TO_32_BIT_CONVERSION = YES;
				GCC_WARN_ABOUT_RETURN_TYPE = YES_ERROR;
				GCC_WARN_UNDECLARED_SELECTOR = YES;
				GCC_WARN_UNINITIALIZED_AUTOS = YES_AGGRESSIVE;
				GCC_WARN_UNUSED_FUNCTION = YES;
				GCC_WARN_UNUSED_VARIABLE = YES;
				IPHONEOS_DEPLOYMENT_TARGET = 13.7;
				MTL_ENABLE_DEBUG_INFO = INCLUDE_SOURCE;
				MTL_FAST_MATH = YES;
				ONLY_ACTIVE_ARCH = YES;
				SDKROOT = iphoneos;
				SWIFT_ACTIVE_COMPILATION_CONDITIONS = DEBUG;
				SWIFT_OPTIMIZATION_LEVEL = "-Onone";
			};
			name = Debug;
		};
		03A9A6F2251244E30040DA7C /* Release */ = {
			isa = XCBuildConfiguration;
			buildSettings = {
				ALWAYS_SEARCH_USER_PATHS = NO;
				CLANG_ANALYZER_NONNULL = YES;
				CLANG_ANALYZER_NUMBER_OBJECT_CONVERSION = YES_AGGRESSIVE;
				CLANG_CXX_LANGUAGE_STANDARD = "gnu++14";
				CLANG_CXX_LIBRARY = "libc++";
				CLANG_ENABLE_MODULES = YES;
				CLANG_ENABLE_OBJC_ARC = YES;
				CLANG_ENABLE_OBJC_WEAK = YES;
				CLANG_WARN_BLOCK_CAPTURE_AUTORELEASING = YES;
				CLANG_WARN_BOOL_CONVERSION = YES;
				CLANG_WARN_COMMA = YES;
				CLANG_WARN_CONSTANT_CONVERSION = YES;
				CLANG_WARN_DEPRECATED_OBJC_IMPLEMENTATIONS = YES;
				CLANG_WARN_DIRECT_OBJC_ISA_USAGE = YES_ERROR;
				CLANG_WARN_DOCUMENTATION_COMMENTS = YES;
				CLANG_WARN_EMPTY_BODY = YES;
				CLANG_WARN_ENUM_CONVERSION = YES;
				CLANG_WARN_INFINITE_RECURSION = YES;
				CLANG_WARN_INT_CONVERSION = YES;
				CLANG_WARN_NON_LITERAL_NULL_CONVERSION = YES;
				CLANG_WARN_OBJC_IMPLICIT_RETAIN_SELF = YES;
				CLANG_WARN_OBJC_LITERAL_CONVERSION = YES;
				CLANG_WARN_OBJC_ROOT_CLASS = YES_ERROR;
				CLANG_WARN_QUOTED_INCLUDE_IN_FRAMEWORK_HEADER = YES;
				CLANG_WARN_RANGE_LOOP_ANALYSIS = YES;
				CLANG_WARN_STRICT_PROTOTYPES = YES;
				CLANG_WARN_SUSPICIOUS_MOVE = YES;
				CLANG_WARN_UNGUARDED_AVAILABILITY = YES_AGGRESSIVE;
				CLANG_WARN_UNREACHABLE_CODE = YES;
				CLANG_WARN__DUPLICATE_METHOD_MATCH = YES;
				COPY_PHASE_STRIP = NO;
				DEBUG_INFORMATION_FORMAT = "dwarf-with-dsym";
				ENABLE_NS_ASSERTIONS = NO;
				ENABLE_STRICT_OBJC_MSGSEND = YES;
				GCC_C_LANGUAGE_STANDARD = gnu11;
				GCC_NO_COMMON_BLOCKS = YES;
				GCC_WARN_64_TO_32_BIT_CONVERSION = YES;
				GCC_WARN_ABOUT_RETURN_TYPE = YES_ERROR;
				GCC_WARN_UNDECLARED_SELECTOR = YES;
				GCC_WARN_UNINITIALIZED_AUTOS = YES_AGGRESSIVE;
				GCC_WARN_UNUSED_FUNCTION = YES;
				GCC_WARN_UNUSED_VARIABLE = YES;
				IPHONEOS_DEPLOYMENT_TARGET = 13.7;
				MTL_ENABLE_DEBUG_INFO = NO;
				MTL_FAST_MATH = YES;
				SDKROOT = iphoneos;
				SWIFT_COMPILATION_MODE = wholemodule;
				SWIFT_OPTIMIZATION_LEVEL = "-O";
				VALIDATE_PRODUCT = YES;
			};
			name = Release;
		};
		03A9A6F4251244E30040DA7C /* Debug */ = {
			isa = XCBuildConfiguration;
			buildSettings = {
				ASSETCATALOG_COMPILER_APPICON_NAME = AppIcon;
				CODE_SIGN_STYLE = Automatic;
				DEVELOPMENT_TEAM = DB9XDYKBL8;
				INFOPLIST_FILE = SquirrelStorage/Info.plist;
				LD_RUNPATH_SEARCH_PATHS = (
					"$(inherited)",
					"@executable_path/Frameworks",
				);
				PRODUCT_BUNDLE_IDENTIFIER = "Apple-academy.SquirrelStorage";
				PRODUCT_NAME = "$(TARGET_NAME)";
				SWIFT_VERSION = 5.0;
				TARGETED_DEVICE_FAMILY = 1;
			};
			name = Debug;
		};
		03A9A6F5251244E30040DA7C /* Release */ = {
			isa = XCBuildConfiguration;
			buildSettings = {
				ASSETCATALOG_COMPILER_APPICON_NAME = AppIcon;
				CODE_SIGN_STYLE = Automatic;
				DEVELOPMENT_TEAM = DB9XDYKBL8;
				INFOPLIST_FILE = SquirrelStorage/Info.plist;
				LD_RUNPATH_SEARCH_PATHS = (
					"$(inherited)",
					"@executable_path/Frameworks",
				);
				PRODUCT_BUNDLE_IDENTIFIER = "Apple-academy.SquirrelStorage";
				PRODUCT_NAME = "$(TARGET_NAME)";
				SWIFT_VERSION = 5.0;
				TARGETED_DEVICE_FAMILY = 1;
			};
			name = Release;
		};
		03A9A6F7251244E30040DA7C /* Debug */ = {
			isa = XCBuildConfiguration;
			buildSettings = {
				ALWAYS_EMBED_SWIFT_STANDARD_LIBRARIES = YES;
				BUNDLE_LOADER = "$(TEST_HOST)";
				CODE_SIGN_STYLE = Automatic;
				DEVELOPMENT_TEAM = 62NRBAKMQ3;
				INFOPLIST_FILE = SquirrelStorageTests/Info.plist;
				IPHONEOS_DEPLOYMENT_TARGET = 13.7;
				LD_RUNPATH_SEARCH_PATHS = (
					"$(inherited)",
					"@executable_path/Frameworks",
					"@loader_path/Frameworks",
				);
				PRODUCT_BUNDLE_IDENTIFIER = "Apple-academy.SquirrelStorageTests";
				PRODUCT_NAME = "$(TARGET_NAME)";
				SWIFT_VERSION = 5.0;
				TARGETED_DEVICE_FAMILY = "1,2";
				TEST_HOST = "$(BUILT_PRODUCTS_DIR)/SquirrelStorage.app/SquirrelStorage";
			};
			name = Debug;
		};
		03A9A6F8251244E30040DA7C /* Release */ = {
			isa = XCBuildConfiguration;
			buildSettings = {
				ALWAYS_EMBED_SWIFT_STANDARD_LIBRARIES = YES;
				BUNDLE_LOADER = "$(TEST_HOST)";
				CODE_SIGN_STYLE = Automatic;
				DEVELOPMENT_TEAM = 62NRBAKMQ3;
				INFOPLIST_FILE = SquirrelStorageTests/Info.plist;
				IPHONEOS_DEPLOYMENT_TARGET = 13.7;
				LD_RUNPATH_SEARCH_PATHS = (
					"$(inherited)",
					"@executable_path/Frameworks",
					"@loader_path/Frameworks",
				);
				PRODUCT_BUNDLE_IDENTIFIER = "Apple-academy.SquirrelStorageTests";
				PRODUCT_NAME = "$(TARGET_NAME)";
				SWIFT_VERSION = 5.0;
				TARGETED_DEVICE_FAMILY = "1,2";
				TEST_HOST = "$(BUILT_PRODUCTS_DIR)/SquirrelStorage.app/SquirrelStorage";
			};
			name = Release;
		};
/* End XCBuildConfiguration section */

/* Begin XCConfigurationList section */
		03A9A6CF251244E20040DA7C /* Build configuration list for PBXProject "SquirrelStorage" */ = {
			isa = XCConfigurationList;
			buildConfigurations = (
				03A9A6F1251244E30040DA7C /* Debug */,
				03A9A6F2251244E30040DA7C /* Release */,
			);
			defaultConfigurationIsVisible = 0;
			defaultConfigurationName = Release;
		};
		03A9A6F3251244E30040DA7C /* Build configuration list for PBXNativeTarget "SquirrelStorage" */ = {
			isa = XCConfigurationList;
			buildConfigurations = (
				03A9A6F4251244E30040DA7C /* Debug */,
				03A9A6F5251244E30040DA7C /* Release */,
			);
			defaultConfigurationIsVisible = 0;
			defaultConfigurationName = Release;
		};
		03A9A6F6251244E30040DA7C /* Build configuration list for PBXNativeTarget "SquirrelStorageTests" */ = {
			isa = XCConfigurationList;
			buildConfigurations = (
				03A9A6F7251244E30040DA7C /* Debug */,
				03A9A6F8251244E30040DA7C /* Release */,
			);
			defaultConfigurationIsVisible = 0;
			defaultConfigurationName = Release;
		};
/* End XCConfigurationList section */
	};
	rootObject = 03A9A6CC251244E20040DA7C /* Project object */;
}
